// !$*UTF8*$!
{
	archiveVersion = 1;
	classes = {
	};
	objectVersion = 56;
	objects = {

/* Begin PBXBuildFile section */
		0AE7A0B9A48348609DB4C8ED48E1D585 /* main.swift in Sources */ = {isa = PBXBuildFile; fileRef = 704B87CE326C464DB11512D1E7850791 /* main.swift */; };
		6C7F5C39DF5D43C8B46A455A4419E517 /* SettingsView.swift in Sources */ = {isa = PBXBuildFile; fileRef = 4CCABBA69CAE4E74AB00762FEFC78A53 /* SettingsView.swift */; };
		7F66FD6CEDF64F5DBBB53E5E06745F9F /* AppState.swift in Sources */ = {isa = PBXBuildFile; fileRef = F56778107C4143A393528FDFAEDF4A17 /* AppState.swift */; };
		A1000000000000000000000000000001 /* AppCommands.swift in Sources */ = {isa = PBXBuildFile; fileRef = B1000000000000000000000000000001 /* AppCommands.swift */; };
		A1000000000000000000000000000002 /* StatusBarController.swift in Sources */ = {isa = PBXBuildFile; fileRef = B1000000000000000000000000000002 /* StatusBarController.swift */; };
		A1000000000000000000000000000003 /* StatusMenuController.swift in Sources */ = {isa = PBXBuildFile; fileRef = B1000000000000000000000000000003 /* StatusMenuController.swift */; };
		A1000000000000000000000000000004 /* SettingsWindowController.swift in Sources */ = {isa = PBXBuildFile; fileRef = B1000000000000000000000000000004 /* SettingsWindowController.swift */; };
		A1000000000000000000000000000005 /* MusicManager.swift in Sources */ = {isa = PBXBuildFile; fileRef = B1000000000000000000000000000005 /* MusicManager.swift */; };
		A1000000000000000000000000000006 /* MusicPlaybackClient.swift in Sources */ = {isa = PBXBuildFile; fileRef = B1000000000000000000000000000006 /* MusicPlaybackClient.swift */; };
		A1000000000000000000000000000007 /* LyricsService.swift in Sources */ = {isa = PBXBuildFile; fileRef = B1000000000000000000000000000007 /* LyricsService.swift */; };
		A1000000000000000000000000000008 /* AppPreferences.swift in Sources */ = {isa = PBXBuildFile; fileRef = B1000000000000000000000000000008 /* AppPreferences.swift */; };
		A1000000000000000000000000000009 /* StatusTextFormatter.swift in Sources */ = {isa = PBXBuildFile; fileRef = B1000000000000000000000000000009 /* StatusTextFormatter.swift */; };
		A1000000000000000000000000000010 /* SettingsPanes.swift in Sources */ = {isa = PBXBuildFile; fileRef = B1000000000000000000000000000010 /* SettingsPanes.swift */; };
		A1000000000000000000000000000011 /* LaunchAtLoginManager.swift in Sources */ = {isa = PBXBuildFile; fileRef = B1000000000000000000000000000011 /* LaunchAtLoginManager.swift */; };
		A1000000000000000000000000000012 /* LRCLIBClient.swift in Sources */ = {isa = PBXBuildFile; fileRef = B1000000000000000000000000000012 /* LRCLIBClient.swift */; };
		A1000000000000000000000000000013 /* LRCParser.swift in Sources */ = {isa = PBXBuildFile; fileRef = B1000000000000000000000000000013 /* LRCParser.swift */; };
		A1000000000000000000000000000014 /* MusixmatchClient.swift in Sources */ = {isa = PBXBuildFile; fileRef = B1000000000000000000000000000014 /* MusixmatchClient.swift */; };
		D371EDAE7663465A9B8CE83911EA10F8 /* Models.swift in Sources */ = {isa = PBXBuildFile; fileRef = 1BEF4BA3BB8E498C8FCE8ADC8AC75ED2 /* Models.swift */; };
		E4ED22681B2C4FA987645742EB4C8CE3 /* AppDelegate.swift in Sources */ = {isa = PBXBuildFile; fileRef = 7FA10487D3904638AF1FCCE0E4078893 /* AppDelegate.swift */; };
		FE3959613ADA463C81851307C3C757C1 /* Assets.xcassets in Resources */ = {isa = PBXBuildFile; fileRef = DADD9C9EEB1447E78D1BABF80F6CE56C /* Assets.xcassets */; };
/* End PBXBuildFile section */

/* Begin PBXFileReference section */
		1BEF4BA3BB8E498C8FCE8ADC8AC75ED2 /* Models.swift */ = {isa = PBXFileReference; lastKnownFileType = sourcecode.swift; path = Models.swift; sourceTree = "<group>"; };
		4CCABBA69CAE4E74AB00762FEFC78A53 /* SettingsView.swift */ = {isa = PBXFileReference; lastKnownFileType = sourcecode.swift; path = SettingsView.swift; sourceTree = "<group>"; };
		50833023DB09407181EB4AFA51C0A17C /* SurfLyrics.app */ = {isa = PBXFileReference; explicitFileType = wrapper.application; includeInIndex = 0; path = SurfLyrics.app; sourceTree = BUILT_PRODUCTS_DIR; };
		704B87CE326C464DB11512D1E7850791 /* main.swift */ = {isa = PBXFileReference; lastKnownFileType = sourcecode.swift; path = main.swift; sourceTree = "<group>"; };
		7FA10487D3904638AF1FCCE0E4078893 /* AppDelegate.swift */ = {isa = PBXFileReference; lastKnownFileType = sourcecode.swift; path = AppDelegate.swift; sourceTree = "<group>"; };
		8634CC9B2F866BB2008DDC84 /* AppIcon.icon */ = {isa = PBXFileReference; lastKnownFileType = folder.iconcomposer.icon; path = AppIcon.icon; sourceTree = "<group>"; };
		B1000000000000000000000000000001 /* AppCommands.swift */ = {isa = PBXFileReference; lastKnownFileType = sourcecode.swift; path = AppCommands.swift; sourceTree = "<group>"; };
		B1000000000000000000000000000002 /* StatusBarController.swift */ = {isa = PBXFileReference; lastKnownFileType = sourcecode.swift; path = StatusBarController.swift; sourceTree = "<group>"; };
		B1000000000000000000000000000003 /* StatusMenuController.swift */ = {isa = PBXFileReference; lastKnownFileType = sourcecode.swift; path = StatusMenuController.swift; sourceTree = "<group>"; };
		B1000000000000000000000000000004 /* SettingsWindowController.swift */ = {isa = PBXFileReference; lastKnownFileType = sourcecode.swift; path = SettingsWindowController.swift; sourceTree = "<group>"; };
		B1000000000000000000000000000005 /* MusicManager.swift */ = {isa = PBXFileReference; lastKnownFileType = sourcecode.swift; path = MusicManager.swift; sourceTree = "<group>"; };
		B1000000000000000000000000000006 /* MusicPlaybackClient.swift */ = {isa = PBXFileReference; lastKnownFileType = sourcecode.swift; path = MusicPlaybackClient.swift; sourceTree = "<group>"; };
		B1000000000000000000000000000007 /* LyricsService.swift */ = {isa = PBXFileReference; lastKnownFileType = sourcecode.swift; path = LyricsService.swift; sourceTree = "<group>"; };
		B1000000000000000000000000000008 /* AppPreferences.swift */ = {isa = PBXFileReference; lastKnownFileType = sourcecode.swift; path = AppPreferences.swift; sourceTree = "<group>"; };
		B1000000000000000000000000000009 /* StatusTextFormatter.swift */ = {isa = PBXFileReference; lastKnownFileType = sourcecode.swift; path = StatusTextFormatter.swift; sourceTree = "<group>"; };
		B1000000000000000000000000000010 /* SettingsPanes.swift */ = {isa = PBXFileReference; lastKnownFileType = sourcecode.swift; path = SettingsPanes.swift; sourceTree = "<group>"; };
		B1000000000000000000000000000011 /* LaunchAtLoginManager.swift */ = {isa = PBXFileReference; lastKnownFileType = sourcecode.swift; path = LaunchAtLoginManager.swift; sourceTree = "<group>"; };
		B1000000000000000000000000000012 /* LRCLIBClient.swift */ = {isa = PBXFileReference; lastKnownFileType = sourcecode.swift; path = LRCLIBClient.swift; sourceTree = "<group>"; };
		B1000000000000000000000000000013 /* LRCParser.swift */ = {isa = PBXFileReference; lastKnownFileType = sourcecode.swift; path = LRCParser.swift; sourceTree = "<group>"; };
		B1000000000000000000000000000014 /* MusixmatchClient.swift */ = {isa = PBXFileReference; lastKnownFileType = sourcecode.swift; path = MusixmatchClient.swift; sourceTree = "<group>"; };
		BB110C47FEF24266A779780152D7E088 /* SurfLyrics.entitlements */ = {isa = PBXFileReference; lastKnownFileType = text.plist.entitlements; path = SurfLyrics.entitlements; sourceTree = "<group>"; };
		DADD9C9EEB1447E78D1BABF80F6CE56C /* Assets.xcassets */ = {isa = PBXFileReference; lastKnownFileType = folder.assetcatalog; path = Assets.xcassets; sourceTree = "<group>"; };
		E53C2666B0404433B780B7985925AD2D /* Info.plist */ = {isa = PBXFileReference; lastKnownFileType = text.plist.xml; path = Info.plist; sourceTree = "<group>"; };
		F56778107C4143A393528FDFAEDF4A17 /* AppState.swift */ = {isa = PBXFileReference; lastKnownFileType = sourcecode.swift; path = AppState.swift; sourceTree = "<group>"; };
/* End PBXFileReference section */

/* Begin PBXGroup section */
		CCEBB8D52C1C442FBF8EE6B16D96C613 = {
			isa = PBXGroup;
			children = (
				C1000000000000000000000000000001 /* SurfLyrics */,
				CDC1E08EA11240A7B28808409BEAD855 /* Products */,
			);
			sourceTree = "<group>";
		};
		C1000000000000000000000000000001 /* SurfLyrics */ = {
			isa = PBXGroup;
			children = (
				704B87CE326C464DB11512D1E7850791 /* main.swift */,
				7FA10487D3904638AF1FCCE0E4078893 /* AppDelegate.swift */,
				B1000000000000000000000000000001 /* AppCommands.swift */,
				B1000000000000000000000000000008 /* AppPreferences.swift */,
				F56778107C4143A393528FDFAEDF4A17 /* AppState.swift */,
				B1000000000000000000000000000002 /* StatusBarController.swift */,
				B1000000000000000000000000000009 /* StatusTextFormatter.swift */,
				B1000000000000000000000000000003 /* StatusMenuController.swift */,
				B1000000000000000000000000000004 /* SettingsWindowController.swift */,
				4CCABBA69CAE4E74AB00762FEFC78A53 /* SettingsView.swift */,
				B1000000000000000000000000000010 /* SettingsPanes.swift */,
				1BEF4BA3BB8E498C8FCE8ADC8AC75ED2 /* Models.swift */,
				B1000000000000000000000000000011 /* LaunchAtLoginManager.swift */,
				B1000000000000000000000000000005 /* MusicManager.swift */,
				B1000000000000000000000000000006 /* MusicPlaybackClient.swift */,
				B1000000000000000000000000000007 /* LyricsService.swift */,
				B1000000000000000000000000000012 /* LRCLIBClient.swift */,
				B1000000000000000000000000000013 /* LRCParser.swift */,
				B1000000000000000000000000000014 /* MusixmatchClient.swift */,
				E53C2666B0404433B780B7985925AD2D /* Info.plist */,
				BB110C47FEF24266A779780152D7E088 /* SurfLyrics.entitlements */,
				DADD9C9EEB1447E78D1BABF80F6CE56C /* Assets.xcassets */,
				8634CC9B2F866BB2008DDC84 /* AppIcon.icon */,
			);
			path = SurfLyrics;
			sourceTree = "<group>";
		};
		CDC1E08EA11240A7B28808409BEAD855 /* Products */ = {
			isa = PBXGroup;
			children = (
				50833023DB09407181EB4AFA51C0A17C /* SurfLyrics.app */,
			);
			name = Products;
			sourceTree = "<group>";
		};
/* End PBXGroup section */

/* Begin PBXNativeTarget section */
		7A21C546512A4F468CA93ACDF12DFA36 /* SurfLyrics */ = {
			isa = PBXNativeTarget;
			buildConfigurationList = 686A3E4146804E7AADF934F8D7CFEFD8 /* Build configuration list for PBXNativeTarget "SurfLyrics" */;
			buildPhases = (
				7D8E84E43F69480A99720D2DCCA32E92 /* Sources */,
				88921B0DE2814EDD91FE3EDB30B8DE81 /* Resources */,
			);
			buildRules = (
			);
			dependencies = (
			);
			name = SurfLyrics;
			productName = SurfLyrics;
			productReference = 50833023DB09407181EB4AFA51C0A17C /* SurfLyrics.app */;
			productType = "com.apple.product-type.application";
		};
/* End PBXNativeTarget section */

/* Begin PBXProject section */
		EE735F716AE94DFAA31421B1D994F725 /* Project object */ = {
			isa = PBXProject;
			attributes = {
				BuildIndependentTargetsInParallel = 1;
				LastSwiftUpdateCheck = 1600;
				LastUpgradeCheck = 2650;
				TargetAttributes = {
					7A21C546512A4F468CA93ACDF12DFA36 = {
						CreatedOnToolsVersion = 16.0;
					};
				};
			};
			buildConfigurationList = 89863CD8335D485A96F4BF53D3A85665 /* Build configuration list for PBXProject "SurfLyrics" */;
			compatibilityVersion = "Xcode 14.0";
			developmentRegion = ko;
			hasScannedForEncodings = 0;
			knownRegions = (
				ko,
				Base,
			);
			mainGroup = CCEBB8D52C1C442FBF8EE6B16D96C613;
			productRefGroup = CDC1E08EA11240A7B28808409BEAD855 /* Products */;
			projectDirPath = "";
			projectRoot = "";
			targets = (
				7A21C546512A4F468CA93ACDF12DFA36 /* SurfLyrics */,
			);
		};
/* End PBXProject section */

/* Begin PBXResourcesBuildPhase section */
		88921B0DE2814EDD91FE3EDB30B8DE81 /* Resources */ = {
			isa = PBXResourcesBuildPhase;
			buildActionMask = 2147483647;
			files = (
				FE3959613ADA463C81851307C3C757C1 /* Assets.xcassets in Resources */,
			);
			runOnlyForDeploymentPostprocessing = 0;
		};
/* End PBXResourcesBuildPhase section */

/* Begin PBXSourcesBuildPhase section */
		7D8E84E43F69480A99720D2DCCA32E92 /* Sources */ = {
			isa = PBXSourcesBuildPhase;
			buildActionMask = 2147483647;
			files = (
				0AE7A0B9A48348609DB4C8ED48E1D585 /* main.swift in Sources */,
				E4ED22681B2C4FA987645742EB4C8CE3 /* AppDelegate.swift in Sources */,
				A1000000000000000000000000000001 /* AppCommands.swift in Sources */,
				A1000000000000000000000000000008 /* AppPreferences.swift in Sources */,
				7F66FD6CEDF64F5DBBB53E5E06745F9F /* AppState.swift in Sources */,
				A1000000000000000000000000000002 /* StatusBarController.swift in Sources */,
				A1000000000000000000000000000009 /* StatusTextFormatter.swift in Sources */,
				A1000000000000000000000000000003 /* StatusMenuController.swift in Sources */,
				A1000000000000000000000000000004 /* SettingsWindowController.swift in Sources */,
				6C7F5C39DF5D43C8B46A455A4419E517 /* SettingsView.swift in Sources */,
				A1000000000000000000000000000010 /* SettingsPanes.swift in Sources */,
				D371EDAE7663465A9B8CE83911EA10F8 /* Models.swift in Sources */,
				A1000000000000000000000000000011 /* LaunchAtLoginManager.swift in Sources */,
				A1000000000000000000000000000005 /* MusicManager.swift in Sources */,
				A1000000000000000000000000000006 /* MusicPlaybackClient.swift in Sources */,
				A1000000000000000000000000000007 /* LyricsService.swift in Sources */,
				A1000000000000000000000000000012 /* LRCLIBClient.swift in Sources */,
				A1000000000000000000000000000013 /* LRCParser.swift in Sources */,
				A1000000000000000000000000000014 /* MusixmatchClient.swift in Sources */,
			);
			runOnlyForDeploymentPostprocessing = 0;
		};
/* End PBXSourcesBuildPhase section */

/* Begin XCBuildConfiguration section */
		397DD0248AB945138DAC7E0531348575 /* Debug */ = {
			isa = XCBuildConfiguration;
			buildSettings = {
				ARCHS = arm64;
				ASSETCATALOG_COMPILER_APPICON_NAME = AppIcon;
				ASSETCATALOG_COMPILER_INCLUDE_ALL_APPICON_ASSETS = YES;
				AUTOMATION_APPLE_EVENTS = YES;
				CODE_SIGN_ENTITLEMENTS = SurfLyrics/SurfLyrics.entitlements;
				"CODE_SIGN_IDENTITY[sdk=macosx*]" = "Apple Development";
				CODE_SIGN_STYLE = Automatic;
				CURRENT_PROJECT_VERSION = 260711.01;
				DEAD_CODE_STRIPPING = YES;
				DEVELOPMENT_TEAM = 2RDF6J3XVV;
				ENABLE_APP_SANDBOX = YES;
				ENABLE_OUTGOING_NETWORK_CONNECTIONS = YES;
				INFOPLIST_FILE = SurfLyrics/Info.plist;
				INFOPLIST_KEY_CFBundleDisplayName = SurfLyrics;
				INFOPLIST_KEY_LSApplicationCategoryType = "public.app-category.utilities";
				MACOSX_DEPLOYMENT_TARGET = 27.0;
				MARKETING_VERSION = 1.1.3;
				PRODUCT_BUNDLE_IDENTIFIER = com.aloedawn.surflyrics;
				PRODUCT_NAME = SurfLyrics;
				SWIFT_EMIT_LOC_STRINGS = YES;
				SWIFT_VERSION = 6.0;
			};
			name = Debug;
		};
		54BC305AABC241F7BECB58FD708C3B56 /* Release */ = {
			isa = XCBuildConfiguration;
			buildSettings = {
				ALWAYS_SEARCH_USER_PATHS = NO;
				ASSETCATALOG_COMPILER_GENERATE_SWIFT_ASSET_SYMBOL_EXTENSIONS = YES;
				CLANG_ANALYZER_NONNULL = YES;
				CLANG_ANALYZER_NUMBER_OBJECT_CONVERSION = YES_AGGRESSIVE;
				CLANG_CXX_LANGUAGE_STANDARD = "gnu++20";
				CLANG_ENABLE_MODULES = YES;
				CLANG_ENABLE_OBJC_ARC = YES;
				CLANG_ENABLE_OBJC_WEAK = YES;
				CLANG_WARN_BLOCK_CAPTURE_AUTORELEASING = YES;
				CLANG_WARN_BOOL_CONVERSION = YES;
				CLANG_WARN_COMMA = YES;
				CLANG_WARN_CONSTANT_CONVERSION = YES;
				CLANG_WARN_DEPRECATED_OBJC_IMPLEMENTATIONS = YES;
				CLANG_WARN_DIRECT_OBJC_ISA_USAGE = YES_ERROR;
				CLANG_WARN_DOCUMENTATION_COMMENTS = YES;
				CLANG_WARN_EMPTY_BODY = YES;
				CLANG_WARN_ENUM_CONVERSION = YES;
				CLANG_WARN_INFINITE_RECURSION = YES;
				CLANG_WARN_INT_CONVERSION = YES;
				CLANG_WARN_NON_LITERAL_NULL_CONVERSION = YES;
				CLANG_WARN_OBJC_IMPLICIT_RETAIN_SELF = YES;
				CLANG_WARN_OBJC_LITERAL_CONVERSION = YES;
				CLANG_WARN_OBJC_ROOT_CLASS = YES_ERROR;
				CLANG_WARN_QUOTED_INCLUDE_IN_FRAMEWORK_HEADER = YES;
				CLANG_WARN_RANGE_LOOP_ANALYSIS = YES;
				CLANG_WARN_STRICT_PROTOTYPES = YES;
				CLANG_WARN_SUSPICIOUS_MOVE = YES;
				CLANG_WARN_UNGUARDED_AVAILABILITY = YES_AGGRESSIVE;
				CLANG_WARN_UNREACHABLE_CODE = YES;
				CLANG_WARN__DUPLICATE_METHOD_MATCH = YES;
				COPY_PHASE_STRIP = NO;
				DEAD_CODE_STRIPPING = YES;
				DEBUG_INFORMATION_FORMAT = "dwarf-with-dsym";
				DEVELOPMENT_TEAM = 2RDF6J3XVV;
				ENABLE_NS_ASSERTIONS = NO;
				ENABLE_STRICT_OBJC_MSGSEND = YES;
				ENABLE_USER_SCRIPT_SANDBOXING = YES;
				GCC_C_LANGUAGE_STANDARD = gnu17;
				GCC_NO_COMMON_BLOCKS = YES;
				GCC_WARN_64_TO_32_BIT_CONVERSION = YES;
				GCC_WARN_ABOUT_RETURN_TYPE = YES_ERROR;
				GCC_WARN_UNDECLARED_SELECTOR = YES;
				GCC_WARN_UNINITIALIZED_AUTOS = YES_AGGRESSIVE;
				GCC_WARN_UNUSED_FUNCTION = YES;
				GCC_WARN_UNUSED_VARIABLE = YES;
				LOCALIZATION_PREFERS_STRING_CATALOGS = YES;
				MACOSX_DEPLOYMENT_TARGET = 27.0;
				MTL_FAST_MATH = YES;
				SDKROOT = macosx;
				STRING_CATALOG_GENERATE_SYMBOLS = YES;
				SWIFT_COMPILATION_MODE = wholemodule;
				SWIFT_OPTIMIZATION_LEVEL = "-O";
			};
			name = Release;
		};
		8D9F530AA7B74791B47D86DEFEDCBE93 /* Debug */ = {
			isa = XCBuildConfiguration;
			buildSettings = {
				ALWAYS_SEARCH_USER_PATHS = NO;
				ASSETCATALOG_COMPILER_GENERATE_SWIFT_ASSET_SYMBOL_EXTENSIONS = YES;
				CLANG_ANALYZER_NONNULL = YES;
				CLANG_ANALYZER_NUMBER_OBJECT_CONVERSION = YES_AGGRESSIVE;
				CLANG_CXX_LANGUAGE_STANDARD = "gnu++20";
				CLANG_ENABLE_MODULES = YES;
				CLANG_ENABLE_OBJC_ARC = YES;
				CLANG_ENABLE_OBJC_WEAK = YES;
				CLANG_WARN_BLOCK_CAPTURE_AUTORELEASING = YES;
				CLANG_WARN_BOOL_CONVERSION = YES;
				CLANG_WARN_COMMA = YES;
				CLANG_WARN_CONSTANT_CONVERSION = YES;
				CLANG_WARN_DEPRECATED_OBJC_IMPLEMENTATIONS = YES;
				CLANG_WARN_DIRECT_OBJC_ISA_USAGE = YES_ERROR;
				CLANG_WARN_DOCUMENTATION_COMMENTS = YES;
				CLANG_WARN_EMPTY_BODY = YES;
				CLANG_WARN_ENUM_CONVERSION = YES;
				CLANG_WARN_INFINITE_RECURSION = YES;
				CLANG_WARN_INT_CONVERSION = YES;
				CLANG_WARN_NON_LITERAL_NULL_CONVERSION = YES;
				CLANG_WARN_OBJC_IMPLICIT_RETAIN_SELF = YES;
				CLANG_WARN_OBJC_LITERAL_CONVERSION = YES;
				CLANG_WARN_OBJC_ROOT_CLASS = YES_ERROR;
				CLANG_WARN_QUOTED_INCLUDE_IN_FRAMEWORK_HEADER = YES;
				CLANG_WARN_RANGE_LOOP_ANALYSIS = YES;
				CLANG_WARN_STRICT_PROTOTYPES = YES;
				CLANG_WARN_SUSPICIOUS_MOVE = YES;
				CLANG_WARN_UNGUARDED_AVAILABILITY = YES_AGGRESSIVE;
				CLANG_WARN_UNREACHABLE_CODE = YES;
				CLANG_WARN__DUPLICATE_METHOD_MATCH = YES;
				COPY_PHASE_STRIP = NO;
				DEAD_CODE_STRIPPING = YES;
				DEBUG_INFORMATION_FORMAT = dwarf;
				DEVELOPMENT_TEAM = 2RDF6J3XVV;
				ENABLE_STRICT_OBJC_MSGSEND = YES;
				ENABLE_TESTABILITY = YES;
				ENABLE_USER_SCRIPT_SANDBOXING = YES;
				GCC_C_LANGUAGE_STANDARD = gnu17;
				GCC_DYNAMIC_NO_PIC = NO;
				GCC_NO_COMMON_BLOCKS = YES;
				GCC_OPTIMIZATION_LEVEL = 0;
				GCC_PREPROCESSOR_DEFINITIONS = (
					"DEBUG=1",
					"$(inherited)",
				);
				GCC_WARN_64_TO_32_BIT_CONVERSION = YES;
				GCC_WARN_ABOUT_RETURN_TYPE = YES_ERROR;
				GCC_WARN_UNDECLARED_SELECTOR = YES;
				GCC_WARN_UNINITIALIZED_AUTOS = YES_AGGRESSIVE;
				GCC_WARN_UNUSED_FUNCTION = YES;
				GCC_WARN_UNUSED_VARIABLE = YES;
				LOCALIZATION_PREFERS_STRING_CATALOGS = YES;
				MACOSX_DEPLOYMENT_TARGET = 27.0;
				MTL_ENABLE_DEBUG_INFO = INCLUDE_SOURCE;
				MTL_FAST_MATH = YES;
				ONLY_ACTIVE_ARCH = YES;
				SDKROOT = macosx;
				STRING_CATALOG_GENERATE_SYMBOLS = YES;
				SWIFT_ACTIVE_COMPILATION_CONDITIONS = "DEBUG $(inherited)";
				SWIFT_OPTIMIZATION_LEVEL = "-Onone";
			};
			name = Debug;
		};
		E650B5FCCBC94AC783BB0BEC2D30A3C5 /* Release */ = {
			isa = XCBuildConfiguration;
			buildSettings = {
				ARCHS = arm64;
				ASSETCATALOG_COMPILER_APPICON_NAME = AppIcon;
				ASSETCATALOG_COMPILER_INCLUDE_ALL_APPICON_ASSETS = YES;
				AUTOMATION_APPLE_EVENTS = YES;
				CODE_SIGN_ENTITLEMENTS = SurfLyrics/SurfLyrics.entitlements;
				"CODE_SIGN_IDENTITY[sdk=macosx*]" = "Apple Development";
				CODE_SIGN_STYLE = Automatic;
				CURRENT_PROJECT_VERSION = 260711.01;
				DEAD_CODE_STRIPPING = YES;
				DEVELOPMENT_TEAM = 2RDF6J3XVV;
				ENABLE_APP_SANDBOX = YES;
				ENABLE_OUTGOING_NETWORK_CONNECTIONS = YES;
				INFOPLIST_FILE = SurfLyrics/Info.plist;
				INFOPLIST_KEY_CFBundleDisplayName = SurfLyrics;
				INFOPLIST_KEY_LSApplicationCategoryType = "public.app-category.utilities";
				MACOSX_DEPLOYMENT_TARGET = 27.0;
				MARKETING_VERSION = 1.1.3;
				PRODUCT_BUNDLE_IDENTIFIER = com.aloedawn.surflyrics;
				PRODUCT_NAME = SurfLyrics;
				SWIFT_EMIT_LOC_STRINGS = YES;
				SWIFT_VERSION = 6.0;
			};
			name = Release;
		};
/* End XCBuildConfiguration section */

/* Begin XCConfigurationList section */
		686A3E4146804E7AADF934F8D7CFEFD8 /* Build configuration list for PBXNativeTarget "SurfLyrics" */ = {
			isa = XCConfigurationList;
			buildConfigurations = (
				397DD0248AB945138DAC7E0531348575 /* Debug */,
				E650B5FCCBC94AC783BB0BEC2D30A3C5 /* Release */,
			);
			defaultConfigurationIsVisible = 0;
			defaultConfigurationName = Release;
		};
		89863CD8335D485A96F4BF53D3A85665 /* Build configuration list for PBXProject "SurfLyrics" */ = {
			isa = XCConfigurationList;
			buildConfigurations = (
				8D9F530AA7B74791B47D86DEFEDCBE93 /* Debug */,
				54BC305AABC241F7BECB58FD708C3B56 /* Release */,
			);
			defaultConfigurationIsVisible = 0;
			defaultConfigurationName = Release;
		};
/* End XCConfigurationList section */
	};
	rootObject = EE735F716AE94DFAA31421B1D994F725 /* Project object */;
}
